<?xml version="1.0" encoding="UTF-8" standalone="yes" ?>
<CodeBlocks_project_file>
	<FileVersion major="1" minor="6" />
	<Project>
		<Option title="Wordament" />
		<Option pch_mode="2" />
		<Option compiler="gcc" />
		<Build>
			<Target title="Debug">
				<Option output="bin/Debug/Wordament" prefix_auto="1" extension_auto="1" />
				<Option object_output="obj/Debug/" />
				<Option type="1" />
				<Option compiler="gcc" />
				<Compiler>
					<Add option="-g" />
				</Compiler>
			</Target>
			<Target title="Release">
				<Option output="bin/Release/Wordament" prefix_auto="1" extension_auto="1" />
				<Option object_output="obj/Release/" />
				<Option type="1" />
				<Option compiler="gcc" />
				<Compiler>
					<Add option="-O2" />
				</Compiler>
				<Linker>
					<Add option="-s" />
				</Linker>
			</Target>
		</Build>
		<Compiler>
			<Add option="-Wall" />
		</Compiler>
		<Unit filename="Dictionary.txt" />
		<Unit filename="boards/0.txt" />
		<Unit filename="boards/1.txt" />
		<Unit filename="boards/2.txt" />
		<Unit filename="boards/3.txt" />
		<Unit filename="boards/4.txt" />
		<Unit filename="boards/5.txt" />
		<Unit filename="boards/6.txt" />
		<Unit filename="boards/7.txt" />
		<Unit filename="boards/8.txt" />
		<Unit filename="boards/9.txt" />
		<Unit filename="boolean.h" />
		<Unit filename="main.c">
			<Option compilerVar="CC" />
		</Unit>
		<Unit filename="matriks.c">
			<Option compilerVar="CC" />
		</Unit>
		<Unit filename="matriks.h" />
		<Unit filename="mesinkar.c">
			<Option compilerVar="CC" />
		</Unit>
		<Unit filename="mesinkar.h" />
		<Unit filename="mesinkata1.c">
			<Option compilerVar="CC" />
		</Unit>
		<Unit filename="mesinkata1.h" />
		<Extensions>
			<code_completion />
			<envvars />
			<debugger />
			<lib_finder disable_auto="1" />
		</Extensions>
	</Project>
</CodeBlocks_project_file>
